<?xml version="1.0" encoding="utf-8"?>
<Project ToolsVersion="4.0" xmlns="http://schemas.microsoft.com/developer/msbuild/2003">
  <ItemGroup>
    <Filter Include="Source Files">
      <UniqueIdentifier>{4FC737F1-C7A5-4376-A066-2A32D752A2FF}</UniqueIdentifier>
      <Extensions>cpp;c;cc;cxx;c++;cppm;ixx;def;odl;idl;hpj;bat;asm;asmx</Extensions>
    </Filter>
    <Filter Include="Header Files">
      <UniqueIdentifier>{93995380-89BD-4b04-88EB-625FBE52EBFB}</UniqueIdentifier>
      <Extensions>h;hh;hpp;hxx;h++;hm;inl;inc;ipp;xsd</Extensions>
    </Filter>
    <Filter Include="Resource Files">
      <UniqueIdentifier>{67DA6AB6-F800-4c08-8B7A-83BB121AAD01}</UniqueIdentifier>
      <Extensions>rc;ico;cur;bmp;dlg;rc2;rct;bin;rgs;gif;jpg;jpeg;jpe;resx;tiff;tif;png;wav;mfcribbon-ms</Extensions>
    </Filter>
    <Filter Include="Header Files\Drinks">
      <UniqueIdentifier>{7bbf8859-cb2b-44dc-890b-b8fce4687cce}</UniqueIdentifier>
    </Filter>
    <Filter Include="Header Files\CoffeeMachineFactories">
      <UniqueIdentifier>{f13a5a29-87f8-4f44-9bd7-348331021b18}</UniqueIdentifier>
    </Filter>
    <Filter Include="Header Files\MachinesDrinks">
      <UniqueIdentifier>{2664a5bc-304c-42a4-bf36-f83449f71214}</UniqueIdentifier>
    </Filter>
  </ItemGroup>
  <ItemGroup>
    <ClCompile Include="task2_3_1.cpp">
      <Filter>Source Files</Filter>
    </ClCompile>
    <ClCompile Include="CoffeeShop.cpp">
      <Filter>Source Files</Filter>
    </ClCompile>
  </ItemGroup>
  <ItemGroup>
    <ClInclude Include="Cappuccino.h">
      <Filter>Header Files\Drinks</Filter>
    </ClInclude>
    <ClInclude Include="Coffee.h">
      <Filter>Header Files\Drinks</Filter>
    </ClInclude>
    <ClInclude Include="Espresso.h">
      <Filter>Header Files\Drinks</Filter>
    </ClInclude>
    <ClInclude Include="Americano.h">
      <Filter>Header Files\Drinks</Filter>
    </ClInclude>
    <ClInclude Include="Latte.h">
      <Filter>Header Files\Drinks</Filter>
    </ClInclude>
    <ClInclude Include="CoffeeMachineFactory.h">
      <Filter>Header Files\CoffeeMachineFactories</Filter>
    </ClInclude>
    <ClInclude Include="PhilipsCoffeeFactory.h">
      <Filter>Header Files\CoffeeMachineFactories</Filter>
    </ClInclude>
    <ClInclude Include="NespressoCoffeeFactory.h">
      <Filter>Header Files\CoffeeMachineFactories</Filter>
    </ClInclude>
    <ClInclude Include="NespressoEspresso.h">
      <Filter>Header Files\MachinesDrinks</Filter>
    </ClInclude>
    <ClInclude Include="NespressoAmericano.h">
      <Filter>Header Files\MachinesDrinks</Filter>
    </ClInclude>
    <ClInclude Include="NespressoCappuccino.h">
      <Filter>Header Files\MachinesDrinks</Filter>
    </ClInclude>
    <ClInclude Include="NespressoLatte.h">
      <Filter>Header Files\MachinesDrinks</Filter>
    </ClInclude>
    <ClInclude Include="PhilipsAmericano.h">
      <Filter>Header Files\MachinesDrinks</Filter>
    </ClInclude>
    <ClInclude Include="PhilipsCappuccino.h">
      <Filter>Header Files\MachinesDrinks</Filter>
    </ClInclude>
    <ClInclude Include="PhilipsEspresso.h">
      <Filter>Header Files\MachinesDrinks</Filter>
    </ClInclude>
    <ClInclude Include="PhilipsLatte.h">
      <Filter>Header Files\MachinesDrinks</Filter>
    </ClInclude>
    <ClInclude Include="CoffeeShop.h">
      <Filter>Header Files</Filter>
    </ClInclude>
  </ItemGroup>
</Project>